// !$*UTF8*$!
{
	archiveVersion = 1;
	classes = {
	};
	objectVersion = 46;
	objects = {

/* Begin PBXBuildFile section */
		BF44691D1F128A5000952578 /* Body.swift in Sources */ = {isa = PBXBuildFile; fileRef = BF44691C1F128A5000952578 /* Body.swift */; };
		BF44691F1F14FE2400952578 /* Parser.swift in Sources */ = {isa = PBXBuildFile; fileRef = BF44691E1F14FE2400952578 /* Parser.swift */; };
		BF57E02E1F8F7F7000E24BBC /* CommentView.swift in Sources */ = {isa = PBXBuildFile; fileRef = BF57E02D1F8F7F7000E24BBC /* CommentView.swift */; };
		BF5CB3A81EFC0BD200451A7E /* DetailedNewsController.swift in Sources */ = {isa = PBXBuildFile; fileRef = BF5CB3A71EFC0BD200451A7E /* DetailedNewsController.swift */; };
		BF5CB3AA1EFC25D400451A7E /* Comment.swift in Sources */ = {isa = PBXBuildFile; fileRef = BF5CB3A91EFC25D400451A7E /* Comment.swift */; };
		BF5CB3AC1EFD67CA00451A7E /* CommentCell.xib in Resources */ = {isa = PBXBuildFile; fileRef = BF5CB3AB1EFD67CA00451A7E /* CommentCell.xib */; };
		BF5CB3AE1EFD681E00451A7E /* CommentCell.swift in Sources */ = {isa = PBXBuildFile; fileRef = BF5CB3AD1EFD681E00451A7E /* CommentCell.swift */; };
		BF63C82B1F8527B40065914F /* ImageWithSize.swift in Sources */ = {isa = PBXBuildFile; fileRef = BF63C82A1F8527B40065914F /* ImageWithSize.swift */; };
		BF7898BC1EF00453009B7927 /* AppDelegate.swift in Sources */ = {isa = PBXBuildFile; fileRef = BF7898BB1EF00453009B7927 /* AppDelegate.swift */; };
		BF7898BE1EF00453009B7927 /* NewsController.swift in Sources */ = {isa = PBXBuildFile; fileRef = BF7898BD1EF00453009B7927 /* NewsController.swift */; };
		BF7898C11EF00453009B7927 /* Main.storyboard in Resources */ = {isa = PBXBuildFile; fileRef = BF7898BF1EF00453009B7927 /* Main.storyboard */; };
		BF7898C31EF00453009B7927 /* Assets.xcassets in Resources */ = {isa = PBXBuildFile; fileRef = BF7898C21EF00453009B7927 /* Assets.xcassets */; };
		BF7898C61EF00453009B7927 /* LaunchScreen.storyboard in Resources */ = {isa = PBXBuildFile; fileRef = BF7898C41EF00453009B7927 /* LaunchScreen.storyboard */; };
		BF7898CE1EF02025009B7927 /* NewsCell.xib in Resources */ = {isa = PBXBuildFile; fileRef = BF7898CD1EF02025009B7927 /* NewsCell.xib */; };
		BF9CBF631EF428D8004DA7A8 /* NewsCell.swift in Sources */ = {isa = PBXBuildFile; fileRef = BF9CBF621EF428D8004DA7A8 /* NewsCell.swift */; };
		BF9CBF651EF43FD3004DA7A8 /* News.swift in Sources */ = {isa = PBXBuildFile; fileRef = BF9CBF641EF43FD3004DA7A8 /* News.swift */; };
		BFB11CF61F5334CD00250E50 /* BodyHelper.swift in Sources */ = {isa = PBXBuildFile; fileRef = BFB11CF51F5334CD00250E50 /* BodyHelper.swift */; };
		BFB8F9AC1F99FD65003E80E3 /* FormData.swift in Sources */ = {isa = PBXBuildFile; fileRef = BFB8F9AB1F99FD65003E80E3 /* FormData.swift */; };
		BFB8F9AE1F9F86E5003E80E3 /* Emojis.swift in Sources */ = {isa = PBXBuildFile; fileRef = BFB8F9AD1F9F86E5003E80E3 /* Emojis.swift */; };
		BFFD70D51EF926F100E5942C /* Extensions.swift in Sources */ = {isa = PBXBuildFile; fileRef = BFFD70D41EF926F100E5942C /* Extensions.swift */; };
		CC605B0E7FF64FC247FA9467 /* Pods_HLI.framework in Frameworks */ = {isa = PBXBuildFile; fileRef = 31B4C9635960A2A7C0BA3BA4 /* Pods_HLI.framework */; };
/* End PBXBuildFile section */

/* Begin PBXFileReference section */
		0B93FA9B3C4CB2E79671553A /* Pods-HLI.debug.xcconfig */ = {isa = PBXFileReference; includeInIndex = 1; lastKnownFileType = text.xcconfig; name = "Pods-HLI.debug.xcconfig"; path = "Pods/Target Support Files/Pods-HLI/Pods-HLI.debug.xcconfig"; sourceTree = "<group>"; };
		31B4C9635960A2A7C0BA3BA4 /* Pods_HLI.framework */ = {isa = PBXFileReference; explicitFileType = wrapper.framework; includeInIndex = 0; path = Pods_HLI.framework; sourceTree = BUILT_PRODUCTS_DIR; };
		BC52B3B54CF02F1F803B08B2 /* Pods-HLI.release.xcconfig */ = {isa = PBXFileReference; includeInIndex = 1; lastKnownFileType = text.xcconfig; name = "Pods-HLI.release.xcconfig"; path = "Pods/Target Support Files/Pods-HLI/Pods-HLI.release.xcconfig"; sourceTree = "<group>"; };
		BF44691C1F128A5000952578 /* Body.swift */ = {isa = PBXFileReference; fileEncoding = 4; lastKnownFileType = sourcecode.swift; path = Body.swift; sourceTree = "<group>"; };
		BF44691E1F14FE2400952578 /* Parser.swift */ = {isa = PBXFileReference; fileEncoding = 4; lastKnownFileType = sourcecode.swift; path = Parser.swift; sourceTree = "<group>"; };
		BF57E02D1F8F7F7000E24BBC /* CommentView.swift */ = {isa = PBXFileReference; lastKnownFileType = sourcecode.swift; path = CommentView.swift; sourceTree = "<group>"; };
		BF5CB3A71EFC0BD200451A7E /* DetailedNewsController.swift */ = {isa = PBXFileReference; fileEncoding = 4; lastKnownFileType = sourcecode.swift; path = DetailedNewsController.swift; sourceTree = "<group>"; };
		BF5CB3A91EFC25D400451A7E /* Comment.swift */ = {isa = PBXFileReference; fileEncoding = 4; lastKnownFileType = sourcecode.swift; path = Comment.swift; sourceTree = "<group>"; };
		BF5CB3AB1EFD67CA00451A7E /* CommentCell.xib */ = {isa = PBXFileReference; fileEncoding = 4; lastKnownFileType = file.xib; path = CommentCell.xib; sourceTree = "<group>"; };
		BF5CB3AD1EFD681E00451A7E /* CommentCell.swift */ = {isa = PBXFileReference; fileEncoding = 4; lastKnownFileType = sourcecode.swift; path = CommentCell.swift; sourceTree = "<group>"; };
		BF63C82A1F8527B40065914F /* ImageWithSize.swift */ = {isa = PBXFileReference; lastKnownFileType = sourcecode.swift; path = ImageWithSize.swift; sourceTree = "<group>"; };
		BF7898B81EF00453009B7927 /* HLI.app */ = {isa = PBXFileReference; explicitFileType = wrapper.application; includeInIndex = 0; path = HLI.app; sourceTree = BUILT_PRODUCTS_DIR; };
		BF7898BB1EF00453009B7927 /* AppDelegate.swift */ = {isa = PBXFileReference; lastKnownFileType = sourcecode.swift; path = AppDelegate.swift; sourceTree = "<group>"; };
		BF7898BD1EF00453009B7927 /* NewsController.swift */ = {isa = PBXFileReference; lastKnownFileType = sourcecode.swift; path = NewsController.swift; sourceTree = "<group>"; };
		BF7898C01EF00453009B7927 /* Base */ = {isa = PBXFileReference; lastKnownFileType = file.storyboard; name = Base; path = Base.lproj/Main.storyboard; sourceTree = "<group>"; };
		BF7898C21EF00453009B7927 /* Assets.xcassets */ = {isa = PBXFileReference; lastKnownFileType = folder.assetcatalog; path = Assets.xcassets; sourceTree = "<group>"; };
		BF7898C51EF00453009B7927 /* Base */ = {isa = PBXFileReference; lastKnownFileType = file.storyboard; name = Base; path = Base.lproj/LaunchScreen.storyboard; sourceTree = "<group>"; };
		BF7898C71EF00453009B7927 /* Info.plist */ = {isa = PBXFileReference; lastKnownFileType = text.plist.xml; path = Info.plist; sourceTree = "<group>"; };
		BF7898CD1EF02025009B7927 /* NewsCell.xib */ = {isa = PBXFileReference; fileEncoding = 4; lastKnownFileType = file.xib; path = NewsCell.xib; sourceTree = "<group>"; };
		BF9CBF621EF428D8004DA7A8 /* NewsCell.swift */ = {isa = PBXFileReference; fileEncoding = 4; lastKnownFileType = sourcecode.swift; path = NewsCell.swift; sourceTree = "<group>"; };
		BF9CBF641EF43FD3004DA7A8 /* News.swift */ = {isa = PBXFileReference; fileEncoding = 4; lastKnownFileType = sourcecode.swift; path = News.swift; sourceTree = "<group>"; };
		BFB11CF51F5334CD00250E50 /* BodyHelper.swift */ = {isa = PBXFileReference; fileEncoding = 4; lastKnownFileType = sourcecode.swift; path = BodyHelper.swift; sourceTree = "<group>"; };
		BFB8F9AB1F99FD65003E80E3 /* FormData.swift */ = {isa = PBXFileReference; lastKnownFileType = sourcecode.swift; path = FormData.swift; sourceTree = "<group>"; };
		BFB8F9AD1F9F86E5003E80E3 /* Emojis.swift */ = {isa = PBXFileReference; lastKnownFileType = sourcecode.swift; path = Emojis.swift; sourceTree = "<group>"; };
		BFFD70D41EF926F100E5942C /* Extensions.swift */ = {isa = PBXFileReference; fileEncoding = 4; lastKnownFileType = sourcecode.swift; path = Extensions.swift; sourceTree = "<group>"; };
/* End PBXFileReference section */

/* Begin PBXFrameworksBuildPhase section */
		BF7898B51EF00453009B7927 /* Frameworks */ = {
			isa = PBXFrameworksBuildPhase;
			buildActionMask = 2147483647;
			files = (
				CC605B0E7FF64FC247FA9467 /* Pods_HLI.framework in Frameworks */,
			);
			runOnlyForDeploymentPostprocessing = 0;
		};
/* End PBXFrameworksBuildPhase section */

/* Begin PBXGroup section */
		09DF9BFB2A1CEB01673F0A74 /* Frameworks */ = {
			isa = PBXGroup;
			children = (
				31B4C9635960A2A7C0BA3BA4 /* Pods_HLI.framework */,
			);
			name = Frameworks;
			sourceTree = "<group>";
		};
		2C81DCA0184F71084EA17B01 /* Pods */ = {
			isa = PBXGroup;
			children = (
				0B93FA9B3C4CB2E79671553A /* Pods-HLI.debug.xcconfig */,
				BC52B3B54CF02F1F803B08B2 /* Pods-HLI.release.xcconfig */,
			);
			name = Pods;
			sourceTree = "<group>";
		};
		BF1594961FC3534900E2DBF3 /* Model */ = {
			isa = PBXGroup;
			children = (
				BFB8F9AD1F9F86E5003E80E3 /* Emojis.swift */,
				BF5CB3A91EFC25D400451A7E /* Comment.swift */,
				BF63C82A1F8527B40065914F /* ImageWithSize.swift */,
				BF44691C1F128A5000952578 /* Body.swift */,
				BF9CBF641EF43FD3004DA7A8 /* News.swift */,
				BFB8F9AB1F99FD65003E80E3 /* FormData.swift */,
				BFFD70D41EF926F100E5942C /* Extensions.swift */,
				BF44691E1F14FE2400952578 /* Parser.swift */,
				BFB11CF51F5334CD00250E50 /* BodyHelper.swift */,
			);
			path = Model;
			sourceTree = "<group>";
		};
		BF1594971FC3539B00E2DBF3 /* View */ = {
			isa = PBXGroup;
			children = (
				BF7898BD1EF00453009B7927 /* NewsController.swift */,
				BF5CB3A71EFC0BD200451A7E /* DetailedNewsController.swift */,
				BF57E02D1F8F7F7000E24BBC /* CommentView.swift */,
				BF9CBF621EF428D8004DA7A8 /* NewsCell.swift */,
				BF5CB3AD1EFD681E00451A7E /* CommentCell.swift */,
				BF7898CD1EF02025009B7927 /* NewsCell.xib */,
				BF5CB3AB1EFD67CA00451A7E /* CommentCell.xib */,
			);
			path = View;
			sourceTree = "<group>";
		};
		BF1594991FC353DC00E2DBF3 /* Controller */ = {
			isa = PBXGroup;
			children = (
			);
			path = Controller;
			sourceTree = "<group>";
		};
		BF7898AF1EF00453009B7927 = {
			isa = PBXGroup;
			children = (
				BF7898BA1EF00453009B7927 /* HLI */,
				BF7898B91EF00453009B7927 /* Products */,
				2C81DCA0184F71084EA17B01 /* Pods */,
				09DF9BFB2A1CEB01673F0A74 /* Frameworks */,
			);
			sourceTree = "<group>";
		};
		BF7898B91EF00453009B7927 /* Products */ = {
			isa = PBXGroup;
			children = (
				BF7898B81EF00453009B7927 /* HLI.app */,
			);
			name = Products;
			sourceTree = "<group>";
		};
		BF7898BA1EF00453009B7927 /* HLI */ = {
			isa = PBXGroup;
			children = (
				BF7898BB1EF00453009B7927 /* AppDelegate.swift */,
				BF1594961FC3534900E2DBF3 /* Model */,
				BF1594971FC3539B00E2DBF3 /* View */,
				BF1594991FC353DC00E2DBF3 /* Controller */,
				BF7898BF1EF00453009B7927 /* Main.storyboard */,
				BF7898C21EF00453009B7927 /* Assets.xcassets */,
				BF7898C41EF00453009B7927 /* LaunchScreen.storyboard */,
				BF7898C71EF00453009B7927 /* Info.plist */,
			);
			path = HLI;
			sourceTree = "<group>";
		};
/* End PBXGroup section */

/* Begin PBXNativeTarget section */
		BF7898B71EF00453009B7927 /* HLI */ = {
			isa = PBXNativeTarget;
			buildConfigurationList = BF7898CA1EF00453009B7927 /* Build configuration list for PBXNativeTarget "HLI" */;
			buildPhases = (
				79652B42DAD7EE88D56A46B9 /* [CP] Check Pods Manifest.lock */,
				BF7898B41EF00453009B7927 /* Sources */,
				BF7898B51EF00453009B7927 /* Frameworks */,
				BF7898B61EF00453009B7927 /* Resources */,
				6D05CEA9D23108D5084E8702 /* [CP] Embed Pods Frameworks */,
				FDF9A8C7EF238058BA4C206C /* [CP] Copy Pods Resources */,
			);
			buildRules = (
			);
			dependencies = (
			);
			name = HLI;
			productName = HLI;
			productReference = BF7898B81EF00453009B7927 /* HLI.app */;
			productType = "com.apple.product-type.application";
		};
/* End PBXNativeTarget section */

/* Begin PBXProject section */
		BF7898B01EF00453009B7927 /* Project object */ = {
			isa = PBXProject;
			attributes = {
				LastSwiftUpdateCheck = 0830;
				LastUpgradeCheck = 0830;
				ORGANIZATIONNAME = Lena;
				TargetAttributes = {
					BF7898B71EF00453009B7927 = {
						CreatedOnToolsVersion = 8.3.3;
						ProvisioningStyle = Automatic;
					};
				};
			};
			buildConfigurationList = BF7898B31EF00453009B7927 /* Build configuration list for PBXProject "HLI" */;
			compatibilityVersion = "Xcode 3.2";
			developmentRegion = English;
			hasScannedForEncodings = 0;
			knownRegions = (
				en,
				Base,
			);
			mainGroup = BF7898AF1EF00453009B7927;
			productRefGroup = BF7898B91EF00453009B7927 /* Products */;
			projectDirPath = "";
			projectRoot = "";
			targets = (
				BF7898B71EF00453009B7927 /* HLI */,
			);
		};
/* End PBXProject section */

/* Begin PBXResourcesBuildPhase section */
		BF7898B61EF00453009B7927 /* Resources */ = {
			isa = PBXResourcesBuildPhase;
			buildActionMask = 2147483647;
			files = (
				BF5CB3AC1EFD67CA00451A7E /* CommentCell.xib in Resources */,
				BF7898C61EF00453009B7927 /* LaunchScreen.storyboard in Resources */,
				BF7898C31EF00453009B7927 /* Assets.xcassets in Resources */,
				BF7898CE1EF02025009B7927 /* NewsCell.xib in Resources */,
				BF7898C11EF00453009B7927 /* Main.storyboard in Resources */,
			);
			runOnlyForDeploymentPostprocessing = 0;
		};
/* End PBXResourcesBuildPhase section */

/* Begin PBXShellScriptBuildPhase section */
		6D05CEA9D23108D5084E8702 /* [CP] Embed Pods Frameworks */ = {
			isa = PBXShellScriptBuildPhase;
			buildActionMask = 2147483647;
			files = (
			);
			inputPaths = (
			);
			name = "[CP] Embed Pods Frameworks";
			outputPaths = (
			);
			runOnlyForDeploymentPostprocessing = 0;
			shellPath = /bin/sh;
			shellScript = "\"${SRCROOT}/Pods/Target Support Files/Pods-HLI/Pods-HLI-frameworks.sh\"\n";
			showEnvVarsInLog = 0;
		};
		79652B42DAD7EE88D56A46B9 /* [CP] Check Pods Manifest.lock */ = {
			isa = PBXShellScriptBuildPhase;
			buildActionMask = 2147483647;
			files = (
			);
			inputPaths = (
			);
			name = "[CP] Check Pods Manifest.lock";
			outputPaths = (
			);
			runOnlyForDeploymentPostprocessing = 0;
			shellPath = /bin/sh;
			shellScript = "diff \"${PODS_ROOT}/../Podfile.lock\" \"${PODS_ROOT}/Manifest.lock\" > /dev/null\nif [ $? != 0 ] ; then\n    # print error to STDERR\n    echo \"error: The sandbox is not in sync with the Podfile.lock. Run 'pod install' or update your CocoaPods installation.\" >&2\n    exit 1\nfi\n";
			showEnvVarsInLog = 0;
		};
		FDF9A8C7EF238058BA4C206C /* [CP] Copy Pods Resources */ = {
			isa = PBXShellScriptBuildPhase;
			buildActionMask = 2147483647;
			files = (
			);
			inputPaths = (
			);
			name = "[CP] Copy Pods Resources";
			outputPaths = (
			);
			runOnlyForDeploymentPostprocessing = 0;
			shellPath = /bin/sh;
			shellScript = "\"${SRCROOT}/Pods/Target Support Files/Pods-HLI/Pods-HLI-resources.sh\"\n";
			showEnvVarsInLog = 0;
		};
/* End PBXShellScriptBuildPhase section */

/* Begin PBXSourcesBuildPhase section */
		BF7898B41EF00453009B7927 /* Sources */ = {
			isa = PBXSourcesBuildPhase;
			buildActionMask = 2147483647;
			files = (
				BFFD70D51EF926F100E5942C /* Extensions.swift in Sources */,
				BF57E02E1F8F7F7000E24BBC /* CommentView.swift in Sources */,
				BF63C82B1F8527B40065914F /* ImageWithSize.swift in Sources */,
				BF7898BE1EF00453009B7927 /* NewsController.swift in Sources */,
				BF44691F1F14FE2400952578 /* Parser.swift in Sources */,
				BFB8F9AC1F99FD65003E80E3 /* FormData.swift in Sources */,
				BF44691D1F128A5000952578 /* Body.swift in Sources */,
				BF7898BC1EF00453009B7927 /* AppDelegate.swift in Sources */,
				BF5CB3AA1EFC25D400451A7E /* Comment.swift in Sources */,
				BF9CBF651EF43FD3004DA7A8 /* News.swift in Sources */,
				BF5CB3A81EFC0BD200451A7E /* DetailedNewsController.swift in Sources */,
				BF9CBF631EF428D8004DA7A8 /* NewsCell.swift in Sources */,
				BFB8F9AE1F9F86E5003E80E3 /* Emojis.swift in Sources */,
				BFB11CF61F5334CD00250E50 /* BodyHelper.swift in Sources */,
				BF5CB3AE1EFD681E00451A7E /* CommentCell.swift in Sources */,
			);
			runOnlyForDeploymentPostprocessing = 0;
		};
/* End PBXSourcesBuildPhase section */

/* Begin PBXVariantGroup section */
		BF7898BF1EF00453009B7927 /* Main.storyboard */ = {
			isa = PBXVariantGroup;
			children = (
				BF7898C01EF00453009B7927 /* Base */,
			);
			name = Main.storyboard;
			sourceTree = "<group>";
		};
		BF7898C41EF00453009B7927 /* LaunchScreen.storyboard */ = {
			isa = PBXVariantGroup;
			children = (
				BF7898C51EF00453009B7927 /* Base */,
			);
			name = LaunchScreen.storyboard;
			sourceTree = "<group>";
		};
/* End PBXVariantGroup section */

/* Begin XCBuildConfiguration section */
		BF7898C81EF00453009B7927 /* Debug */ = {
			isa = XCBuildConfiguration;
			buildSettings = {
				ALWAYS_SEARCH_USER_PATHS = NO;
				CLANG_ANALYZER_NONNULL = YES;
				CLANG_ANALYZER_NUMBER_OBJECT_CONVERSION = YES_AGGRESSIVE;
				CLANG_CXX_LANGUAGE_STANDARD = "gnu++0x";
				CLANG_CXX_LIBRARY = "libc++";
				CLANG_ENABLE_MODULES = YES;
				CLANG_ENABLE_OBJC_ARC = YES;
				CLANG_WARN_BOOL_CONVERSION = YES;
				CLANG_WARN_CONSTANT_CONVERSION = YES;
				CLANG_WARN_DIRECT_OBJC_ISA_USAGE = YES_ERROR;
				CLANG_WARN_DOCUMENTATION_COMMENTS = YES;
				CLANG_WARN_EMPTY_BODY = YES;
				CLANG_WARN_ENUM_CONVERSION = YES;
				CLANG_WARN_INFINITE_RECURSION = YES;
				CLANG_WARN_INT_CONVERSION = YES;
				CLANG_WARN_OBJC_ROOT_CLASS = YES_ERROR;
				CLANG_WARN_SUSPICIOUS_MOVE = YES;
				CLANG_WARN_UNREACHABLE_CODE = YES;
				CLANG_WARN__DUPLICATE_METHOD_MATCH = YES;
				"CODE_SIGN_IDENTITY[sdk=iphoneos*]" = "iPhone Developer";
				COPY_PHASE_STRIP = NO;
				DEBUG_INFORMATION_FORMAT = dwarf;
				ENABLE_STRICT_OBJC_MSGSEND = YES;
				ENABLE_TESTABILITY = YES;
				GCC_C_LANGUAGE_STANDARD = gnu99;
				GCC_DYNAMIC_NO_PIC = NO;
				GCC_NO_COMMON_BLOCKS = YES;
				GCC_OPTIMIZATION_LEVEL = 0;
				GCC_PREPROCESSOR_DEFINITIONS = (
					"DEBUG=1",
					"$(inherited)",
				);
				GCC_WARN_64_TO_32_BIT_CONVERSION = YES;
				GCC_WARN_ABOUT_RETURN_TYPE = YES_ERROR;
				GCC_WARN_UNDECLARED_SELECTOR = YES;
				GCC_WARN_UNINITIALIZED_AUTOS = YES_AGGRESSIVE;
				GCC_WARN_UNUSED_FUNCTION = YES;
				GCC_WARN_UNUSED_VARIABLE = YES;
				IPHONEOS_DEPLOYMENT_TARGET = 10.3;
				MTL_ENABLE_DEBUG_INFO = YES;
				ONLY_ACTIVE_ARCH = YES;
				SDKROOT = iphoneos;
				SWIFT_ACTIVE_COMPILATION_CONDITIONS = DEBUG;
				SWIFT_OPTIMIZATION_LEVEL = "-Onone";
				TARGETED_DEVICE_FAMILY = "1,2";
			};
			name = Debug;
		};
		BF7898C91EF00453009B7927 /* Release */ = {
			isa = XCBuildConfiguration;
			buildSettings = {
				ALWAYS_SEARCH_USER_PATHS = NO;
				CLANG_ANALYZER_NONNULL = YES;
				CLANG_ANALYZER_NUMBER_OBJECT_CONVERSION = YES_AGGRESSIVE;
				CLANG_CXX_LANGUAGE_STANDARD = "gnu++0x";
				CLANG_CXX_LIBRARY = "libc++";
				CLANG_ENABLE_MODULES = YES;
				CLANG_ENABLE_OBJC_ARC = YES;
				CLANG_WARN_BOOL_CONVERSION = YES;
				CLANG_WARN_CONSTANT_CONVERSION = YES;
				CLANG_WARN_DIRECT_OBJC_ISA_USAGE = YES_ERROR;
				CLANG_WARN_DOCUMENTATION_COMMENTS = YES;
				CLANG_WARN_EMPTY_BODY = YES;
				CLANG_WARN_ENUM_CONVERSION = YES;
				CLANG_WARN_INFINITE_RECURSION = YES;
				CLANG_WARN_INT_CONVERSION = YES;
				CLANG_WARN_OBJC_ROOT_CLASS = YES_ERROR;
				CLANG_WARN_SUSPICIOUS_MOVE = YES;
				CLANG_WARN_UNREACHABLE_CODE = YES;
				CLANG_WARN__DUPLICATE_METHOD_MATCH = YES;
				"CODE_SIGN_IDENTITY[sdk=iphoneos*]" = "iPhone Developer";
				COPY_PHASE_STRIP = NO;
				DEBUG_INFORMATION_FORMAT = "dwarf-with-dsym";
				ENABLE_NS_ASSERTIONS = NO;
				ENABLE_STRICT_OBJC_MSGSEND = YES;
				GCC_C_LANGUAGE_STANDARD = gnu99;
				GCC_NO_COMMON_BLOCKS = YES;
				GCC_WARN_64_TO_32_BIT_CONVERSION = YES;
				GCC_WARN_ABOUT_RETURN_TYPE = YES_ERROR;
				GCC_WARN_UNDECLARED_SELECTOR = YES;
				GCC_WARN_UNINITIALIZED_AUTOS = YES_AGGRESSIVE;
				GCC_WARN_UNUSED_FUNCTION = YES;
				GCC_WARN_UNUSED_VARIABLE = YES;
				IPHONEOS_DEPLOYMENT_TARGET = 10.3;
				MTL_ENABLE_DEBUG_INFO = NO;
				SDKROOT = iphoneos;
				SWIFT_OPTIMIZATION_LEVEL = "-Owholemodule";
				TARGETED_DEVICE_FAMILY = "1,2";
				VALIDATE_PRODUCT = YES;
			};
			name = Release;
		};
		BF7898CB1EF00453009B7927 /* Debug */ = {
			isa = XCBuildConfiguration;
			baseConfigurationReference = 0B93FA9B3C4CB2E79671553A /* Pods-HLI.debug.xcconfig */;
			buildSettings = {
				ASSETCATALOG_COMPILER_APPICON_NAME = AppIcon;
				INFOPLIST_FILE = HLI/Info.plist;
				LD_RUNPATH_SEARCH_PATHS = "$(inherited) @executable_path/Frameworks";
				PRODUCT_BUNDLE_IDENTIFIER = Yelylena.HLI;
				PRODUCT_NAME = "$(TARGET_NAME)";
				SWIFT_VERSION = 3.0;
			};
			name = Debug;
		};
		BF7898CC1EF00453009B7927 /* Release */ = {
			isa = XCBuildConfiguration;
			baseConfigurationReference = BC52B3B54CF02F1F803B08B2 /* Pods-HLI.release.xcconfig */;
			buildSettings = {
				ASSETCATALOG_COMPILER_APPICON_NAME = AppIcon;
				INFOPLIST_FILE = HLI/Info.plist;
				LD_RUNPATH_SEARCH_PATHS = "$(inherited) @executable_path/Frameworks";
				PRODUCT_BUNDLE_IDENTIFIER = Yelylena.HLI;
				PRODUCT_NAME = "$(TARGET_NAME)";
				SWIFT_VERSION = 3.0;
			};
			name = Release;
		};
/* End XCBuildConfiguration section */

/* Begin XCConfigurationList section */
		BF7898B31EF00453009B7927 /* Build configuration list for PBXProject "HLI" */ = {
			isa = XCConfigurationList;
			buildConfigurations = (
				BF7898C81EF00453009B7927 /* Debug */,
				BF7898C91EF00453009B7927 /* Release */,
			);
			defaultConfigurationIsVisible = 0;
			defaultConfigurationName = Release;
		};
		BF7898CA1EF00453009B7927 /* Build configuration list for PBXNativeTarget "HLI" */ = {
			isa = XCConfigurationList;
			buildConfigurations = (
				BF7898CB1EF00453009B7927 /* Debug */,
				BF7898CC1EF00453009B7927 /* Release */,
			);
			defaultConfigurationIsVisible = 0;
			defaultConfigurationName = Release;
		};
/* End XCConfigurationList section */
	};
	rootObject = BF7898B01EF00453009B7927 /* Project object */;
}
